{
  "version": 4,
  "terraform_version": "1.10.2",
  "serial": 30,
  "lineage": "32d465fd-7b6e-835c-4ce2-e1ed46262b95",
  "outputs": {
    "public_ip": {
      "value": "3.67.78.165",
      "type": "string"
    }
  },
  "resources": [
    {
      "mode": "managed",
      "type": "aws_instance",
      "name": "app_server",
      "provider": "provider[\"registry.terraform.io/hashicorp/aws\"]",
      "instances": [
        {
          "schema_version": 1,
          "attributes": {
            "ami": "ami-0669b163befffbdfc",
            "arn": "arn:aws:ec2:eu-central-1:607356854662:instance/i-0ef99a729d93ba296",
            "associate_public_ip_address": true,
            "availability_zone": "eu-central-1b",
            "capacity_reservation_specification": [
              {
                "capacity_reservation_preference": "open",
                "capacity_reservation_target": []
              }
            ],
            "cpu_core_count": 1,
            "cpu_options": [
              {
                "amd_sev_snp": "",
                "core_count": 1,
                "threads_per_core": 1
              }
            ],
            "cpu_threads_per_core": 1,
            "credit_specification": [
              {
                "cpu_credits": "standard"
              }
            ],
            "disable_api_stop": false,
            "disable_api_termination": false,
            "ebs_block_device": [],
            "ebs_optimized": false,
            "enable_primary_ipv6": null,
            "enclave_options": [
              {
                "enabled": false
              }
            ],
            "ephemeral_block_device": [],
            "get_password_data": false,
            "hibernation": false,
            "host_id": "",
            "host_resource_group_arn": null,
            "iam_instance_profile": "",
            "id": "i-0ef99a729d93ba296",
            "instance_initiated_shutdown_behavior": "stop",
            "instance_lifecycle": "",
            "instance_market_options": [],
            "instance_state": "running",
            "instance_type": "t2.micro",
            "ipv6_address_count": 0,
            "ipv6_addresses": [],
            "key_name": "tasklist-key",
            "launch_template": [],
            "maintenance_options": [
              {
                "auto_recovery": "default"
              }
            ],
            "metadata_options": [
              {
                "http_endpoint": "enabled",
                "http_protocol_ipv6": "disabled",
                "http_put_response_hop_limit": 2,
                "http_tokens": "required",
                "instance_metadata_tags": "disabled"
              }
            ],
            "monitoring": false,
            "network_interface": [],
            "outpost_arn": "",
            "password_data": "",
            "placement_group": "",
            "placement_partition_number": 0,
            "primary_network_interface_id": "eni-0fb529c5a12daebe8",
            "private_dns": "ip-172-31-32-50.eu-central-1.compute.internal",
            "private_dns_name_options": [
              {
                "enable_resource_name_dns_a_record": false,
                "enable_resource_name_dns_aaaa_record": false,
                "hostname_type": "ip-name"
              }
            ],
            "private_ip": "172.31.32.50",
            "public_dns": "ec2-3-67-78-165.eu-central-1.compute.amazonaws.com",
            "public_ip": "3.67.78.165",
            "root_block_device": [
              {
                "delete_on_termination": true,
                "device_name": "/dev/xvda",
                "encrypted": false,
                "iops": 3000,
                "kms_key_id": "",
                "tags": {},
                "tags_all": {},
                "throughput": 125,
                "volume_id": "vol-04c4c1427bea0e7c1",
                "volume_size": 8,
                "volume_type": "gp3"
              }
            ],
            "secondary_private_ips": [],
            "security_groups": [
              "allow_web_traffic"
            ],
            "source_dest_check": true,
            "spot_instance_request_id": "",
            "subnet_id": "subnet-0e026646879caa3c9",
            "tags": {
              "Name": "tasklist-app"
            },
            "tags_all": {
              "Name": "tasklist-app"
            },
            "tenancy": "default",
            "timeouts": null,
            "user_data": "010f9d5c8ceef53a2a88c8f15f8d63cca7a31692",
            "user_data_base64": null,
            "user_data_replace_on_change": false,
            "volume_tags": null,
            "vpc_security_group_ids": [
              "sg-0018ffd0dec0f03ff"
            ]
          },
          "sensitive_attributes": [],
          "private": "eyJlMmJmYjczMC1lY2FhLTExZTYtOGY4OC0zNDM2M2JjN2M0YzAiOnsiY3JlYXRlIjo2MDAwMDAwMDAwMDAsImRlbGV0ZSI6MTIwMDAwMDAwMDAwMCwicmVhZCI6OTAwMDAwMDAwMDAwLCJ1cGRhdGUiOjYwMDAwMDAwMDAwMH0sInNjaGVtYV92ZXJzaW9uIjoiMSJ9",
          "dependencies": [
            "aws_key_pair.deployer",
            "aws_security_group.allow_web"
          ]
        }
      ]
    },
    {
      "mode": "managed",
      "type": "aws_key_pair",
      "name": "deployer",
      "provider": "provider[\"registry.terraform.io/hashicorp/aws\"]",
      "instances": [
        {
          "schema_version": 1,
          "attributes": {
            "arn": "arn:aws:ec2:eu-central-1:607356854662:key-pair/tasklist-key",
            "fingerprint": "3c:f6:8a:da:08:2b:3f:03:c0:1a:db:23:d6:59:6f:0f",
            "id": "tasklist-key",
            "key_name": "tasklist-key",
            "key_name_prefix": "",
            "key_pair_id": "key-05a4486a0142fbc79",
            "key_type": "rsa",
            "public_key": "ssh-rsa AAAAB3NzaC1yc2EAAAADAQABAAACAQDMfyj7x4lDqsQ0/QKr744atLTeEkq6nU0ZftvzVwVdabFOP929iAn5Nx3hebMdrG9Q4wMOQDY1TOxTdQKw8mY71ICSdLd81Xhiy1CAWv+C2Sml9tVKWWbdNVsTQYuD1d0LxZKtdMs31boZUF2+gqWwheWWYPkbgEcrRnWupaGgtyojI5RcnUqJGRCYezjETCKRiXwd71JsTvzYZdnB1o+JqTQkYMWAKXO8lC/v+kSYdOd2I6zgGXfJzQ4ursh7vtEV7GdA5E6/wH0b2L8Sf3TYUMdNbBAbGyfFnxyQIR6W2TQZ+AkH7qYGAY2AGIofNDFU7vatnyIkiSkJ8xXsKqvPS8X7ApVLAlGN6E30apArY0OFB54c2Lb138JvqGmK5ITFwzLlyCWPKVOZ7SvpCMGZxAVWcT2Ld94qN6C8EDQ4+HiuZE/jLGGU8Ky+sQdMH4jybBm+SCfjMHszEV0FnFlTsKU7+7mzA91rtQ3JlEDPjWmtcY3J8o7lycDvhgqfQM6SxbGxW7Bnn4wRtQbGMeyN3T0UIuFujku5Jxd++5NUS91uSRXPam7/OMYc2CZQ65Rjbjh5tlW0QzYYnJ+Ss7Y8oE8lPY4Clts9f1lU6oYjV5PFDDhwLeMsOdP157U0mJPz47rpogOl1i42FgdMZtw9DGUVNn6Q0aoFtlOaylO4OQ== andreas.amanious@ATGRZMBP13.fritz.box",
            "tags": null,
            "tags_all": {}
          },
          "sensitive_attributes": [],
          "private": "eyJzY2hlbWFfdmVyc2lvbiI6IjEifQ=="
        }
      ]
    },
    {
      "mode": "managed",
      "type": "aws_security_group",
      "name": "allow_web",
      "provider": "provider[\"registry.terraform.io/hashicorp/aws\"]",
      "instances": [
        {
          "schema_version": 1,
          "attributes": {
            "arn": "arn:aws:ec2:eu-central-1:607356854662:security-group/sg-0018ffd0dec0f03ff",
            "description": "Allow Web inbound traffic",
            "egress": [
              {
                "cidr_blocks": [
                  "0.0.0.0/0"
                ],
                "description": "",
                "from_port": 0,
                "ipv6_cidr_blocks": [],
                "prefix_list_ids": [],
                "protocol": "-1",
                "security_groups": [],
                "self": false,
                "to_port": 0
              }
            ],
            "id": "sg-0018ffd0dec0f03ff",
            "ingress": [
              {
                "cidr_blocks": [
                  "0.0.0.0/0"
                ],
                "description": "App Port",
                "from_port": 5173,
                "ipv6_cidr_blocks": [],
                "prefix_list_ids": [],
                "protocol": "tcp",
                "security_groups": [],
                "self": false,
                "to_port": 5173
              },
              {
                "cidr_blocks": [
                  "0.0.0.0/0"
                ],
                "description": "HTTP",
                "from_port": 80,
                "ipv6_cidr_blocks": [],
                "prefix_list_ids": [],
                "protocol": "tcp",
                "security_groups": [],
                "self": false,
                "to_port": 80
              },
              {
                "cidr_blocks": [
                  "0.0.0.0/0"
                ],
                "description": "SSH",
                "from_port": 22,
                "ipv6_cidr_blocks": [],
                "prefix_list_ids": [],
                "protocol": "tcp",
                "security_groups": [],
                "self": false,
                "to_port": 22
              }
            ],
            "name": "allow_web_traffic",
            "name_prefix": "",
            "owner_id": "607356854662",
            "revoke_rules_on_delete": false,
            "tags": {
              "Name": "allow_web"
            },
            "tags_all": {
              "Name": "allow_web"
            },
            "timeouts": null,
            "vpc_id": "vpc-015639c04695932e2"
          },
          "sensitive_attributes": [],
          "private": "eyJlMmJmYjczMC1lY2FhLTExZTYtOGY4OC0zNDM2M2JjN2M0YzAiOnsiY3JlYXRlIjo2MDAwMDAwMDAwMDAsImRlbGV0ZSI6OTAwMDAwMDAwMDAwfSwic2NoZW1hX3ZlcnNpb24iOiIxIn0="
        }
      ]
    }
  ],
  "check_results": null
}
